
Microsoft Visual Studio Solution File, Format Version 12.00
# Visual Studio Version 16
VisualStudioVersion = 16.0.29926.136
MinimumVisualStudioVersion = 10.0.40219.1
Project("{9A19103F-16F7-4668-BE54-9A1E7A4F7556}") = "BlazorElectronRfidReader", "BlazorElectronRfidReader.csproj", "{D4149AB3-F65B-4EFA-8353-DCC7D857634A}"
EndProject
Global
	GlobalSection(SolutionConfigurationPlatforms) = preSolution
		Debug|Any CPU = Debug|Any CPU
		Release|Any CPU = Release|Any CPU
	EndGlobalSection
	GlobalSection(ProjectConfigurationPlatforms) = postSolution
		{D4149AB3-F65B-4EFA-8353-DCC7D857634A}.Debug|Any CPU.ActiveCfg = Debug|Any CPU
		{D4149AB3-F65B-4EFA-8353-DCC7D857634A}.Debug|Any CPU.Build.0 = Debug|Any CPU
		{D4149AB3-F65B-4EFA-8353-DCC7D857634A}.Release|Any CPU.ActiveCfg = Release|Any CPU
		{D4149AB3-F65B-4EFA-8353-DCC7D857634A}.Release|Any CPU.Build.0 = Release|Any CPU
	EndGlobalSection
	GlobalSection(SolutionProperties) = preSolution
		HideSolutionNode = FALSE
	EndGlobalSection
	GlobalSection(ExtensibilityGlobals) = postSolution
		SolutionGuid = {522D029F-5A39-47E5-824D-BC615EBB8A47}
	EndGlobalSection
EndGlobal
